
Microsoft Visual Studio Solution File, Format Version 12.00
# Visual Studio Version 16
VisualStudioVersion = 16.0.31829.152
MinimumVisualStudioVersion = 10.0.40219.1
Project("{FAE04EC0-301F-11D3-BF4B-00C04F79EFBC}") = "Homework", "Homework\Homework.csproj", "{147000BE-55EB-416F-98C9-9BC7EFE2847D}"
EndProject
Global
	GlobalSection(SolutionConfigurationPlatforms) = preSolution
		Debug|Any CPU = Debug|Any CPU
		Release|Any CPU = Release|Any CPU
	EndGlobalSection
	GlobalSection(ProjectConfigurationPlatforms) = postSolution
		{147000BE-55EB-416F-98C9-9BC7EFE2847D}.Debug|Any CPU.ActiveCfg = Debug|Any CPU
		{147000BE-55EB-416F-98C9-9BC7EFE2847D}.Debug|Any CPU.Build.0 = Debug|Any CPU
		{147000BE-55EB-416F-98C9-9BC7EFE2847D}.Release|Any CPU.ActiveCfg = Release|Any CPU
		{147000BE-55EB-416F-98C9-9BC7EFE2847D}.Release|Any CPU.Build.0 = Release|Any CPU
	EndGlobalSection
	GlobalSection(SolutionProperties) = preSolution
		HideSolutionNode = FALSE
	EndGlobalSection
	GlobalSection(ExtensibilityGlobals) = postSolution
		SolutionGuid = {0FCB86D8-54AB-4346-BB9E-0EEC32FA6EBC}
	EndGlobalSection
EndGlobal
